
Microsoft Visual Studio Solution File, Format Version 12.00
# Visual Studio Version 16
VisualStudioVersion = 16.0.31129.286
MinimumVisualStudioVersion = 10.0.40219.1
Project("{FAE04EC0-301F-11D3-BF4B-00C04F79EFBC}") = "Historial Catergorias Articulos", "Historial Catergorias Articulos.csproj", "{BD9603E9-4E60-4C51-8CB3-E157778813F8}"
EndProject
Global
	GlobalSection(SolutionConfigurationPlatforms) = preSolution
		Debug|Any CPU = Debug|Any CPU
		Release|Any CPU = Release|Any CPU
	EndGlobalSection
	GlobalSection(ProjectConfigurationPlatforms) = postSolution
		{BD9603E9-4E60-4C51-8CB3-E157778813F8}.Debug|Any CPU.ActiveCfg = Debug|Any CPU
		{BD9603E9-4E60-4C51-8CB3-E157778813F8}.Debug|Any CPU.Build.0 = Debug|Any CPU
		{BD9603E9-4E60-4C51-8CB3-E157778813F8}.Release|Any CPU.ActiveCfg = Release|Any CPU
		{BD9603E9-4E60-4C51-8CB3-E157778813F8}.Release|Any CPU.Build.0 = Release|Any CPU
	EndGlobalSection
	GlobalSection(SolutionProperties) = preSolution
		HideSolutionNode = FALSE
	EndGlobalSection
	GlobalSection(ExtensibilityGlobals) = postSolution
		SolutionGuid = {7337AA4C-33B4-46A3-BCC9-F7753E0B2488}
	EndGlobalSection
EndGlobal
